
Microsoft Visual Studio Solution File, Format Version 12.00
# Visual Studio Version 17
VisualStudioVersion = 17.10.34928.147
MinimumVisualStudioVersion = 10.0.40219.1
Project("{FAE04EC0-301F-11D3-BF4B-00C04F79EFBC}") = "IssueTracker.Api", "IssueTracker.Api\IssueTracker.Api.csproj", "{D05318B6-B119-44D9-9F4A-23485A35E26F}"
EndProject
Global
	GlobalSection(SolutionConfigurationPlatforms) = preSolution
		Debug|Any CPU = Debug|Any CPU
		Release|Any CPU = Release|Any CPU
	EndGlobalSection
	GlobalSection(ProjectConfigurationPlatforms) = postSolution
		{D05318B6-B119-44D9-9F4A-23485A35E26F}.Debug|Any CPU.ActiveCfg = Debug|Any CPU
		{D05318B6-B119-44D9-9F4A-23485A35E26F}.Debug|Any CPU.Build.0 = Debug|Any CPU
		{D05318B6-B119-44D9-9F4A-23485A35E26F}.Release|Any CPU.ActiveCfg = Release|Any CPU
		{D05318B6-B119-44D9-9F4A-23485A35E26F}.Release|Any CPU.Build.0 = Release|Any CPU
	EndGlobalSection
	GlobalSection(SolutionProperties) = preSolution
		HideSolutionNode = FALSE
	EndGlobalSection
	GlobalSection(ExtensibilityGlobals) = postSolution
		SolutionGuid = {C4547474-AA91-46A1-82C7-6A08BC286BA1}
	EndGlobalSection
EndGlobal
